
Microsoft Visual Studio Solution File, Format Version 12.00
# Visual Studio 14
VisualStudioVersion = 14.0.25420.1
MinimumVisualStudioVersion = 10.0.40219.1
Project("{FAE04EC0-301F-11D3-BF4B-00C04F79EFBC}") = "NumberServer", "NumberServer\NumberServer.csproj", "{E827B35E-D767-45A7-9CBE-9BC126F614A7}"
EndProject
Project("{FAE04EC0-301F-11D3-BF4B-00C04F79EFBC}") = "NumberClient", "NumberClient\NumberClient.csproj", "{DF592765-8E70-4128-BC3E-AC466E24D02C}"
EndProject
Global
	GlobalSection(SolutionConfigurationPlatforms) = preSolution
		Debug|Any CPU = Debug|Any CPU
		Release|Any CPU = Release|Any CPU
	EndGlobalSection
	GlobalSection(ProjectConfigurationPlatforms) = postSolution
		{E827B35E-D767-45A7-9CBE-9BC126F614A7}.Debug|Any CPU.ActiveCfg = Debug|Any CPU
		{E827B35E-D767-45A7-9CBE-9BC126F614A7}.Debug|Any CPU.Build.0 = Debug|Any CPU
		{E827B35E-D767-45A7-9CBE-9BC126F614A7}.Release|Any CPU.ActiveCfg = Release|Any CPU
		{E827B35E-D767-45A7-9CBE-9BC126F614A7}.Release|Any CPU.Build.0 = Release|Any CPU
		{DF592765-8E70-4128-BC3E-AC466E24D02C}.Debug|Any CPU.ActiveCfg = Debug|Any CPU
		{DF592765-8E70-4128-BC3E-AC466E24D02C}.Debug|Any CPU.Build.0 = Debug|Any CPU
		{DF592765-8E70-4128-BC3E-AC466E24D02C}.Release|Any CPU.ActiveCfg = Release|Any CPU
		{DF592765-8E70-4128-BC3E-AC466E24D02C}.Release|Any CPU.Build.0 = Release|Any CPU
	EndGlobalSection
	GlobalSection(SolutionProperties) = preSolution
		HideSolutionNode = FALSE
	EndGlobalSection
EndGlobal
